
Microsoft Visual Studio Solution File, Format Version 12.00
# Visual Studio Version 16
VisualStudioVersion = 16.0.31005.135
MinimumVisualStudioVersion = 10.0.40219.1
Project("{FAE04EC0-301F-11D3-BF4B-00C04F79EFBC}") = "Mysql Proyecto", "Mysql Proyecto\Mysql Proyecto.csproj", "{323A770C-D0DB-4A75-BA3E-AB3C504EA994}"
EndProject
Global
	GlobalSection(SolutionConfigurationPlatforms) = preSolution
		Debug|Any CPU = Debug|Any CPU
		Release|Any CPU = Release|Any CPU
	EndGlobalSection
	GlobalSection(ProjectConfigurationPlatforms) = postSolution
		{323A770C-D0DB-4A75-BA3E-AB3C504EA994}.Debug|Any CPU.ActiveCfg = Debug|Any CPU
		{323A770C-D0DB-4A75-BA3E-AB3C504EA994}.Debug|Any CPU.Build.0 = Debug|Any CPU
		{323A770C-D0DB-4A75-BA3E-AB3C504EA994}.Release|Any CPU.ActiveCfg = Release|Any CPU
		{323A770C-D0DB-4A75-BA3E-AB3C504EA994}.Release|Any CPU.Build.0 = Release|Any CPU
	EndGlobalSection
	GlobalSection(SolutionProperties) = preSolution
		HideSolutionNode = FALSE
	EndGlobalSection
	GlobalSection(ExtensibilityGlobals) = postSolution
		SolutionGuid = {0D0275CB-9189-4C41-AD73-A51500DEF587}
	EndGlobalSection
EndGlobal
